# This file was generated by Aiken
# You typically do not need to edit this file

[[requirements]]
name = "aiken-lang/stdlib"
version = "v3.0.0"
source = "github"

[[requirements]]
name = "SundaeSwap-finance/aicone"
version = "main"
source = "github"

[[packages]]
name = "aiken-lang/stdlib"
version = "v3.0.0"
requirements = []
source = "github"

[[packages]]
name = "SundaeSwap-finance/aicone"
version = "main"
requirements = []
source = "github"

[etags]
"SundaeSwap-finance/aicone@main" = [{ secs_since_epoch = 1769699212, nanos_since_epoch = 834447591 }, "3f1dd35a89bc04cd630cfac553706c27fdff94ae9b17113dfea51270495e5fc3"]
